
Microsoft Visual Studio Solution File, Format Version 12.00
# Visual Studio Version 17
VisualStudioVersion = 17.3.32825.248
MinimumVisualStudioVersion = 10.0.40219.1
Project("{9A19103F-16F7-4668-BE54-9A1E7A4F7556}") = "Task_1", "Task_1\Task_1.csproj", "{88C83DB2-A1F4-423D-902E-43784DC77B92}"
EndProject
Project("{FAE04EC0-301F-11D3-BF4B-00C04F79EFBC}") = "Task_2", "Task_2\Task_2.csproj", "{9D09D90D-B010-49A4-BE5B-B1C38C1B622C}"
EndProject
Project("{FAE04EC0-301F-11D3-BF4B-00C04F79EFBC}") = "Task_3", "Task_3\Task_3.csproj", "{CBB6C82D-0258-4FD8-BDEB-D320549E9B71}"
EndProject
Global
	GlobalSection(SolutionConfigurationPlatforms) = preSolution
		Debug|Any CPU = Debug|Any CPU
		Release|Any CPU = Release|Any CPU
	EndGlobalSection
	GlobalSection(ProjectConfigurationPlatforms) = postSolution
		{88C83DB2-A1F4-423D-902E-43784DC77B92}.Debug|Any CPU.ActiveCfg = Debug|Any CPU
		{88C83DB2-A1F4-423D-902E-43784DC77B92}.Debug|Any CPU.Build.0 = Debug|Any CPU
		{88C83DB2-A1F4-423D-902E-43784DC77B92}.Release|Any CPU.ActiveCfg = Release|Any CPU
		{88C83DB2-A1F4-423D-902E-43784DC77B92}.Release|Any CPU.Build.0 = Release|Any CPU
		{9D09D90D-B010-49A4-BE5B-B1C38C1B622C}.Debug|Any CPU.ActiveCfg = Debug|Any CPU
		{9D09D90D-B010-49A4-BE5B-B1C38C1B622C}.Debug|Any CPU.Build.0 = Debug|Any CPU
		{9D09D90D-B010-49A4-BE5B-B1C38C1B622C}.Release|Any CPU.ActiveCfg = Release|Any CPU
		{9D09D90D-B010-49A4-BE5B-B1C38C1B622C}.Release|Any CPU.Build.0 = Release|Any CPU
		{CBB6C82D-0258-4FD8-BDEB-D320549E9B71}.Debug|Any CPU.ActiveCfg = Debug|Any CPU
		{CBB6C82D-0258-4FD8-BDEB-D320549E9B71}.Debug|Any CPU.Build.0 = Debug|Any CPU
		{CBB6C82D-0258-4FD8-BDEB-D320549E9B71}.Release|Any CPU.ActiveCfg = Release|Any CPU
		{CBB6C82D-0258-4FD8-BDEB-D320549E9B71}.Release|Any CPU.Build.0 = Release|Any CPU
	EndGlobalSection
	GlobalSection(SolutionProperties) = preSolution
		HideSolutionNode = FALSE
	EndGlobalSection
	GlobalSection(ExtensibilityGlobals) = postSolution
		SolutionGuid = {EF85BBF7-B06F-46A2-A3E9-173970FA8F2F}
	EndGlobalSection
EndGlobal
